
Microsoft Visual Studio Solution File, Format Version 12.00
# Visual Studio 15
VisualStudioVersion = 15.0.28010.2046
MinimumVisualStudioVersion = 10.0.40219.1
Project("{FAE04EC0-301F-11D3-BF4B-00C04F79EFBC}") = "SitPlanner", "SitPlanner\SitPlanner.csproj", "{CC1D7F30-C793-4430-9DDE-3FAE2A906F7B}"
EndProject
Global
	GlobalSection(SolutionConfigurationPlatforms) = preSolution
		Debug|Any CPU = Debug|Any CPU
		Release|Any CPU = Release|Any CPU
	EndGlobalSection
	GlobalSection(ProjectConfigurationPlatforms) = postSolution
		{CC1D7F30-C793-4430-9DDE-3FAE2A906F7B}.Debug|Any CPU.ActiveCfg = Debug|Any CPU
		{CC1D7F30-C793-4430-9DDE-3FAE2A906F7B}.Debug|Any CPU.Build.0 = Debug|Any CPU
		{CC1D7F30-C793-4430-9DDE-3FAE2A906F7B}.Release|Any CPU.ActiveCfg = Release|Any CPU
		{CC1D7F30-C793-4430-9DDE-3FAE2A906F7B}.Release|Any CPU.Build.0 = Release|Any CPU
	EndGlobalSection
	GlobalSection(SolutionProperties) = preSolution
		HideSolutionNode = FALSE
	EndGlobalSection
	GlobalSection(ExtensibilityGlobals) = postSolution
		SolutionGuid = {78641162-3C9C-4010-9A24-EE40290F2D7E}
	EndGlobalSection
EndGlobal
